
Microsoft Visual Studio Solution File, Format Version 12.00
# Visual Studio Version 17
VisualStudioVersion = 17.5.33312.197
MinimumVisualStudioVersion = 10.0.40219.1
Project("{FAE04EC0-301F-11D3-BF4B-00C04F79EFBC}") = "DailyAnimeWallpaper", "DailyAnimeWallpaper.csproj", "{80A56D20-51BF-4C76-89F1-8BA0341935A0}"
EndProject
Global
	GlobalSection(SolutionConfigurationPlatforms) = preSolution
		Debug|Any CPU = Debug|Any CPU
		Release|Any CPU = Release|Any CPU
	EndGlobalSection
	GlobalSection(ProjectConfigurationPlatforms) = postSolution
		{80A56D20-51BF-4C76-89F1-8BA0341935A0}.Debug|Any CPU.ActiveCfg = Debug|Any CPU
		{80A56D20-51BF-4C76-89F1-8BA0341935A0}.Debug|Any CPU.Build.0 = Debug|Any CPU
		{80A56D20-51BF-4C76-89F1-8BA0341935A0}.Release|Any CPU.ActiveCfg = Release|Any CPU
		{80A56D20-51BF-4C76-89F1-8BA0341935A0}.Release|Any CPU.Build.0 = Release|Any CPU
	EndGlobalSection
	GlobalSection(SolutionProperties) = preSolution
		HideSolutionNode = FALSE
	EndGlobalSection
	GlobalSection(ExtensibilityGlobals) = postSolution
		SolutionGuid = {45774675-7BBF-4E78-8509-BE405CE998CF}
	EndGlobalSection
EndGlobal
